
Microsoft Visual Studio Solution File, Format Version 12.00
# Visual Studio 15
VisualStudioVersion = 15.0.27428.2043
MinimumVisualStudioVersion = 10.0.40219.1
Project("{FAE04EC0-301F-11D3-BF4B-00C04F79EFBC}") = "EstructuraDeDatos", "EstructuraDeDatos\EstructuraDeDatos.csproj", "{BDFC4E71-A9D3-426A-9827-72474C09DAD5}"
EndProject
Global
	GlobalSection(SolutionConfigurationPlatforms) = preSolution
		Debug|Any CPU = Debug|Any CPU
		Release|Any CPU = Release|Any CPU
	EndGlobalSection
	GlobalSection(ProjectConfigurationPlatforms) = postSolution
		{BDFC4E71-A9D3-426A-9827-72474C09DAD5}.Debug|Any CPU.ActiveCfg = Debug|Any CPU
		{BDFC4E71-A9D3-426A-9827-72474C09DAD5}.Debug|Any CPU.Build.0 = Debug|Any CPU
		{BDFC4E71-A9D3-426A-9827-72474C09DAD5}.Release|Any CPU.ActiveCfg = Release|Any CPU
		{BDFC4E71-A9D3-426A-9827-72474C09DAD5}.Release|Any CPU.Build.0 = Release|Any CPU
	EndGlobalSection
	GlobalSection(SolutionProperties) = preSolution
		HideSolutionNode = FALSE
	EndGlobalSection
	GlobalSection(ExtensibilityGlobals) = postSolution
		SolutionGuid = {A5A53A65-2C93-4709-8458-965B8FF62930}
	EndGlobalSection
EndGlobal
